// !$*UTF8*$!
{
	archiveVersion = 1;
	classes = {
	};
	objectVersion = 46;
	objects = {

/* Begin PBXBuildFile section */
		3F42D7EF1E23F34700D210B0 /* Player.swift in Sources */ = {isa = PBXBuildFile; fileRef = 3F42D7EE1E23F34700D210B0 /* Player.swift */; };
		3F42D7F11E23F36400D210B0 /* TileState.swift in Sources */ = {isa = PBXBuildFile; fileRef = 3F42D7F01E23F36400D210B0 /* TileState.swift */; };
		3F42D7F31E23F38000D210B0 /* Result.swift in Sources */ = {isa = PBXBuildFile; fileRef = 3F42D7F21E23F38000D210B0 /* Result.swift */; };
		3F42D7F51E23F39E00D210B0 /* Game.swift in Sources */ = {isa = PBXBuildFile; fileRef = 3F42D7F41E23F39E00D210B0 /* Game.swift */; };
		3FDBDF451E2118BA00A5E110 /* AppDelegate.swift in Sources */ = {isa = PBXBuildFile; fileRef = 3FDBDF441E2118BA00A5E110 /* AppDelegate.swift */; };
		3FDBDF471E2118BA00A5E110 /* ViewController.swift in Sources */ = {isa = PBXBuildFile; fileRef = 3FDBDF461E2118BA00A5E110 /* ViewController.swift */; };
		3FDBDF4A1E2118BA00A5E110 /* Main.storyboard in Resources */ = {isa = PBXBuildFile; fileRef = 3FDBDF481E2118BA00A5E110 /* Main.storyboard */; };
		3FDBDF4C1E2118BA00A5E110 /* Assets.xcassets in Resources */ = {isa = PBXBuildFile; fileRef = 3FDBDF4B1E2118BA00A5E110 /* Assets.xcassets */; };
		3FDBDF4F1E2118BA00A5E110 /* LaunchScreen.storyboard in Resources */ = {isa = PBXBuildFile; fileRef = 3FDBDF4D1E2118BA00A5E110 /* LaunchScreen.storyboard */; };
/* End PBXBuildFile section */

/* Begin PBXFileReference section */
		3F42D7EE1E23F34700D210B0 /* Player.swift */ = {isa = PBXFileReference; fileEncoding = 4; lastKnownFileType = sourcecode.swift; path = Player.swift; sourceTree = "<group>"; };
		3F42D7F01E23F36400D210B0 /* TileState.swift */ = {isa = PBXFileReference; fileEncoding = 4; lastKnownFileType = sourcecode.swift; path = TileState.swift; sourceTree = "<group>"; };
		3F42D7F21E23F38000D210B0 /* Result.swift */ = {isa = PBXFileReference; fileEncoding = 4; lastKnownFileType = sourcecode.swift; path = Result.swift; sourceTree = "<group>"; };
		3F42D7F41E23F39E00D210B0 /* Game.swift */ = {isa = PBXFileReference; fileEncoding = 4; lastKnownFileType = sourcecode.swift; path = Game.swift; sourceTree = "<group>"; };
		3FDBDF411E2118BA00A5E110 /* TicTacToe.app */ = {isa = PBXFileReference; explicitFileType = wrapper.application; includeInIndex = 0; path = TicTacToe.app; sourceTree = BUILT_PRODUCTS_DIR; };
		3FDBDF441E2118BA00A5E110 /* AppDelegate.swift */ = {isa = PBXFileReference; lastKnownFileType = sourcecode.swift; path = AppDelegate.swift; sourceTree = "<group>"; };
		3FDBDF461E2118BA00A5E110 /* ViewController.swift */ = {isa = PBXFileReference; lastKnownFileType = sourcecode.swift; path = ViewController.swift; sourceTree = "<group>"; };
		3FDBDF491E2118BA00A5E110 /* Base */ = {isa = PBXFileReference; lastKnownFileType = file.storyboard; name = Base; path = Base.lproj/Main.storyboard; sourceTree = "<group>"; };
		3FDBDF4B1E2118BA00A5E110 /* Assets.xcassets */ = {isa = PBXFileReference; lastKnownFileType = folder.assetcatalog; path = Assets.xcassets; sourceTree = "<group>"; };
		3FDBDF4E1E2118BA00A5E110 /* Base */ = {isa = PBXFileReference; lastKnownFileType = file.storyboard; name = Base; path = Base.lproj/LaunchScreen.storyboard; sourceTree = "<group>"; };
		3FDBDF501E2118BA00A5E110 /* Info.plist */ = {isa = PBXFileReference; lastKnownFileType = text.plist.xml; path = Info.plist; sourceTree = "<group>"; };
/* End PBXFileReference section */

/* Begin PBXFrameworksBuildPhase section */
		3FDBDF3E1E2118BA00A5E110 /* Frameworks */ = {
			isa = PBXFrameworksBuildPhase;
			buildActionMask = 2147483647;
			files = (
			);
			runOnlyForDeploymentPostprocessing = 0;
		};
/* End PBXFrameworksBuildPhase section */

/* Begin PBXGroup section */
		3F42D7ED1E23F28100D210B0 /* Supporting Files */ = {
			isa = PBXGroup;
			children = (
				3FDBDF441E2118BA00A5E110 /* AppDelegate.swift */,
				3FDBDF4B1E2118BA00A5E110 /* Assets.xcassets */,
				3FDBDF4D1E2118BA00A5E110 /* LaunchScreen.storyboard */,
				3FDBDF501E2118BA00A5E110 /* Info.plist */,
			);
			name = "Supporting Files";
			sourceTree = "<group>";
		};
		3FDBDF381E2118BA00A5E110 = {
			isa = PBXGroup;
			children = (
				3FDBDF431E2118BA00A5E110 /* TicTacToe */,
				3FDBDF421E2118BA00A5E110 /* Products */,
			);
			sourceTree = "<group>";
		};
		3FDBDF421E2118BA00A5E110 /* Products */ = {
			isa = PBXGroup;
			children = (
				3FDBDF411E2118BA00A5E110 /* TicTacToe.app */,
			);
			name = Products;
			sourceTree = "<group>";
		};
		3FDBDF431E2118BA00A5E110 /* TicTacToe */ = {
			isa = PBXGroup;
			children = (
				3F42D7ED1E23F28100D210B0 /* Supporting Files */,
				3FDBDF461E2118BA00A5E110 /* ViewController.swift */,
				3FDBDF481E2118BA00A5E110 /* Main.storyboard */,
				3F42D7EE1E23F34700D210B0 /* Player.swift */,
				3F42D7F01E23F36400D210B0 /* TileState.swift */,
				3F42D7F21E23F38000D210B0 /* Result.swift */,
				3F42D7F41E23F39E00D210B0 /* Game.swift */,
			);
			path = TicTacToe;
			sourceTree = "<group>";
		};
/* End PBXGroup section */

/* Begin PBXNativeTarget section */
		3FDBDF401E2118BA00A5E110 /* TicTacToe */ = {
			isa = PBXNativeTarget;
			buildConfigurationList = 3FDBDF531E2118BA00A5E110 /* Build configuration list for PBXNativeTarget "TicTacToe" */;
			buildPhases = (
				3FDBDF3D1E2118BA00A5E110 /* Sources */,
				3FDBDF3E1E2118BA00A5E110 /* Frameworks */,
				3FDBDF3F1E2118BA00A5E110 /* Resources */,
			);
			buildRules = (
			);
			dependencies = (
			);
			name = TicTacToe;
			productName = TicTacToe;
			productReference = 3FDBDF411E2118BA00A5E110 /* TicTacToe.app */;
			productType = "com.apple.product-type.application";
		};
/* End PBXNativeTarget section */

/* Begin PBXProject section */
		3FDBDF391E2118BA00A5E110 /* Project object */ = {
			isa = PBXProject;
			attributes = {
				LastSwiftUpdateCheck = 0820;
				LastUpgradeCheck = 0820;
				ORGANIZATIONNAME = "Nino Uzelac";
				TargetAttributes = {
					3FDBDF401E2118BA00A5E110 = {
						CreatedOnToolsVersion = 8.2.1;
						DevelopmentTeam = ALXT2YLXRL;
						ProvisioningStyle = Automatic;
					};
				};
			};
			buildConfigurationList = 3FDBDF3C1E2118BA00A5E110 /* Build configuration list for PBXProject "TicTacToe" */;
			compatibilityVersion = "Xcode 3.2";
			developmentRegion = English;
			hasScannedForEncodings = 0;
			knownRegions = (
				en,
				Base,
			);
			mainGroup = 3FDBDF381E2118BA00A5E110;
			productRefGroup = 3FDBDF421E2118BA00A5E110 /* Products */;
			projectDirPath = "";
			projectRoot = "";
			targets = (
				3FDBDF401E2118BA00A5E110 /* TicTacToe */,
			);
		};
/* End PBXProject section */

/* Begin PBXResourcesBuildPhase section */
		3FDBDF3F1E2118BA00A5E110 /* Resources */ = {
			isa = PBXResourcesBuildPhase;
			buildActionMask = 2147483647;
			files = (
				3FDBDF4F1E2118BA00A5E110 /* LaunchScreen.storyboard in Resources */,
				3FDBDF4C1E2118BA00A5E110 /* Assets.xcassets in Resources */,
				3FDBDF4A1E2118BA00A5E110 /* Main.storyboard in Resources */,
			);
			runOnlyForDeploymentPostprocessing = 0;
		};
/* End PBXResourcesBuildPhase section */

/* Begin PBXSourcesBuildPhase section */
		3FDBDF3D1E2118BA00A5E110 /* Sources */ = {
			isa = PBXSourcesBuildPhase;
			buildActionMask = 2147483647;
			files = (
				3FDBDF471E2118BA00A5E110 /* ViewController.swift in Sources */,
				3F42D7F51E23F39E00D210B0 /* Game.swift in Sources */,
				3F42D7F31E23F38000D210B0 /* Result.swift in Sources */,
				3F42D7F11E23F36400D210B0 /* TileState.swift in Sources */,
				3F42D7EF1E23F34700D210B0 /* Player.swift in Sources */,
				3FDBDF451E2118BA00A5E110 /* AppDelegate.swift in Sources */,
			);
			runOnlyForDeploymentPostprocessing = 0;
		};
/* End PBXSourcesBuildPhase section */

/* Begin PBXVariantGroup section */
		3FDBDF481E2118BA00A5E110 /* Main.storyboard */ = {
			isa = PBXVariantGroup;
			children = (
				3FDBDF491E2118BA00A5E110 /* Base */,
			);
			name = Main.storyboard;
			sourceTree = "<group>";
		};
		3FDBDF4D1E2118BA00A5E110 /* LaunchScreen.storyboard */ = {
			isa = PBXVariantGroup;
			children = (
				3FDBDF4E1E2118BA00A5E110 /* Base */,
			);
			name = LaunchScreen.storyboard;
			sourceTree = "<group>";
		};
/* End PBXVariantGroup section */

/* Begin XCBuildConfiguration section */
		3FDBDF511E2118BA00A5E110 /* Debug */ = {
			isa = XCBuildConfiguration;
			buildSettings = {
				ALWAYS_SEARCH_USER_PATHS = NO;
				CLANG_ANALYZER_NONNULL = YES;
				CLANG_CXX_LANGUAGE_STANDARD = "gnu++0x";
				CLANG_CXX_LIBRARY = "libc++";
				CLANG_ENABLE_MODULES = YES;
				CLANG_ENABLE_OBJC_ARC = YES;
				CLANG_WARN_BOOL_CONVERSION = YES;
				CLANG_WARN_CONSTANT_CONVERSION = YES;
				CLANG_WARN_DIRECT_OBJC_ISA_USAGE = YES_ERROR;
				CLANG_WARN_DOCUMENTATION_COMMENTS = YES;
				CLANG_WARN_EMPTY_BODY = YES;
				CLANG_WARN_ENUM_CONVERSION = YES;
				CLANG_WARN_INFINITE_RECURSION = YES;
				CLANG_WARN_INT_CONVERSION = YES;
				CLANG_WARN_OBJC_ROOT_CLASS = YES_ERROR;
				CLANG_WARN_SUSPICIOUS_MOVE = YES;
				CLANG_WARN_UNREACHABLE_CODE = YES;
				CLANG_WARN__DUPLICATE_METHOD_MATCH = YES;
				"CODE_SIGN_IDENTITY[sdk=iphoneos*]" = "iPhone Developer";
				COPY_PHASE_STRIP = NO;
				DEBUG_INFORMATION_FORMAT = dwarf;
				ENABLE_STRICT_OBJC_MSGSEND = YES;
				ENABLE_TESTABILITY = YES;
				GCC_C_LANGUAGE_STANDARD = gnu99;
				GCC_DYNAMIC_NO_PIC = NO;
				GCC_NO_COMMON_BLOCKS = YES;
				GCC_OPTIMIZATION_LEVEL = 0;
				GCC_PREPROCESSOR_DEFINITIONS = (
					"DEBUG=1",
					"$(inherited)",
				);
				GCC_WARN_64_TO_32_BIT_CONVERSION = YES;
				GCC_WARN_ABOUT_RETURN_TYPE = YES_ERROR;
				GCC_WARN_UNDECLARED_SELECTOR = YES;
				GCC_WARN_UNINITIALIZED_AUTOS = YES_AGGRESSIVE;
				GCC_WARN_UNUSED_FUNCTION = YES;
				GCC_WARN_UNUSED_VARIABLE = YES;
				IPHONEOS_DEPLOYMENT_TARGET = 10.2;
				MTL_ENABLE_DEBUG_INFO = YES;
				ONLY_ACTIVE_ARCH = YES;
				SDKROOT = iphoneos;
				SWIFT_ACTIVE_COMPILATION_CONDITIONS = DEBUG;
				SWIFT_OPTIMIZATION_LEVEL = "-Onone";
				TARGETED_DEVICE_FAMILY = "1,2";
			};
			name = Debug;
		};
		3FDBDF521E2118BA00A5E110 /* Release */ = {
			isa = XCBuildConfiguration;
			buildSettings = {
				ALWAYS_SEARCH_USER_PATHS = NO;
				CLANG_ANALYZER_NONNULL = YES;
				CLANG_CXX_LANGUAGE_STANDARD = "gnu++0x";
				CLANG_CXX_LIBRARY = "libc++";
				CLANG_ENABLE_MODULES = YES;
				CLANG_ENABLE_OBJC_ARC = YES;
				CLANG_WARN_BOOL_CONVERSION = YES;
				CLANG_WARN_CONSTANT_CONVERSION = YES;
				CLANG_WARN_DIRECT_OBJC_ISA_USAGE = YES_ERROR;
				CLANG_WARN_DOCUMENTATION_COMMENTS = YES;
				CLANG_WARN_EMPTY_BODY = YES;
				CLANG_WARN_ENUM_CONVERSION = YES;
				CLANG_WARN_INFINITE_RECURSION = YES;
				CLANG_WARN_INT_CONVERSION = YES;
				CLANG_WARN_OBJC_ROOT_CLASS = YES_ERROR;
				CLANG_WARN_SUSPICIOUS_MOVE = YES;
				CLANG_WARN_UNREACHABLE_CODE = YES;
				CLANG_WARN__DUPLICATE_METHOD_MATCH = YES;
				"CODE_SIGN_IDENTITY[sdk=iphoneos*]" = "iPhone Developer";
				COPY_PHASE_STRIP = NO;
				DEBUG_INFORMATION_FORMAT = "dwarf-with-dsym";
				ENABLE_NS_ASSERTIONS = NO;
				ENABLE_STRICT_OBJC_MSGSEND = YES;
				GCC_C_LANGUAGE_STANDARD = gnu99;
				GCC_NO_COMMON_BLOCKS = YES;
				GCC_WARN_64_TO_32_BIT_CONVERSION = YES;
				GCC_WARN_ABOUT_RETURN_TYPE = YES_ERROR;
				GCC_WARN_UNDECLARED_SELECTOR = YES;
				GCC_WARN_UNINITIALIZED_AUTOS = YES_AGGRESSIVE;
				GCC_WARN_UNUSED_FUNCTION = YES;
				GCC_WARN_UNUSED_VARIABLE = YES;
				IPHONEOS_DEPLOYMENT_TARGET = 10.2;
				MTL_ENABLE_DEBUG_INFO = NO;
				SDKROOT = iphoneos;
				SWIFT_OPTIMIZATION_LEVEL = "-Owholemodule";
				TARGETED_DEVICE_FAMILY = "1,2";
				VALIDATE_PRODUCT = YES;
			};
			name = Release;
		};
		3FDBDF541E2118BA00A5E110 /* Debug */ = {
			isa = XCBuildConfiguration;
			buildSettings = {
				ASSETCATALOG_COMPILER_APPICON_NAME = AppIcon;
				DEVELOPMENT_TEAM = ALXT2YLXRL;
				INFOPLIST_FILE = TicTacToe/Info.plist;
				LD_RUNPATH_SEARCH_PATHS = "$(inherited) @executable_path/Frameworks";
				PRODUCT_BUNDLE_IDENTIFIER = hr.fer.ios.TicTacToe;
				PRODUCT_NAME = "$(TARGET_NAME)";
				SWIFT_VERSION = 3.0;
			};
			name = Debug;
		};
		3FDBDF551E2118BA00A5E110 /* Release */ = {
			isa = XCBuildConfiguration;
			buildSettings = {
				ASSETCATALOG_COMPILER_APPICON_NAME = AppIcon;
				DEVELOPMENT_TEAM = ALXT2YLXRL;
				INFOPLIST_FILE = TicTacToe/Info.plist;
				LD_RUNPATH_SEARCH_PATHS = "$(inherited) @executable_path/Frameworks";
				PRODUCT_BUNDLE_IDENTIFIER = hr.fer.ios.TicTacToe;
				PRODUCT_NAME = "$(TARGET_NAME)";
				SWIFT_VERSION = 3.0;
			};
			name = Release;
		};
/* End XCBuildConfiguration section */

/* Begin XCConfigurationList section */
		3FDBDF3C1E2118BA00A5E110 /* Build configuration list for PBXProject "TicTacToe" */ = {
			isa = XCConfigurationList;
			buildConfigurations = (
				3FDBDF511E2118BA00A5E110 /* Debug */,
				3FDBDF521E2118BA00A5E110 /* Release */,
			);
			defaultConfigurationIsVisible = 0;
			defaultConfigurationName = Release;
		};
		3FDBDF531E2118BA00A5E110 /* Build configuration list for PBXNativeTarget "TicTacToe" */ = {
			isa = XCConfigurationList;
			buildConfigurations = (
				3FDBDF541E2118BA00A5E110 /* Debug */,
				3FDBDF551E2118BA00A5E110 /* Release */,
			);
			defaultConfigurationIsVisible = 0;
			defaultConfigurationName = Release;
		};
/* End XCConfigurationList section */
	};
	rootObject = 3FDBDF391E2118BA00A5E110 /* Project object */;
}
